
Microsoft Visual Studio Solution File, Format Version 12.00
# Visual Studio Version 17
VisualStudioVersion = 17.9.34622.214
MinimumVisualStudioVersion = 10.0.40219.1
Project("{FAE04EC0-301F-11D3-BF4B-00C04F79EFBC}") = "Console projects", "Console projects\Console projects.csproj", "{DEF07A65-D52F-4310-9BF4-043B048AABCB}"
EndProject
Global
	GlobalSection(SolutionConfigurationPlatforms) = preSolution
		Debug|Any CPU = Debug|Any CPU
		Release|Any CPU = Release|Any CPU
	EndGlobalSection
	GlobalSection(ProjectConfigurationPlatforms) = postSolution
		{DEF07A65-D52F-4310-9BF4-043B048AABCB}.Debug|Any CPU.ActiveCfg = Debug|Any CPU
		{DEF07A65-D52F-4310-9BF4-043B048AABCB}.Debug|Any CPU.Build.0 = Debug|Any CPU
		{DEF07A65-D52F-4310-9BF4-043B048AABCB}.Release|Any CPU.ActiveCfg = Release|Any CPU
		{DEF07A65-D52F-4310-9BF4-043B048AABCB}.Release|Any CPU.Build.0 = Release|Any CPU
	EndGlobalSection
	GlobalSection(SolutionProperties) = preSolution
		HideSolutionNode = FALSE
	EndGlobalSection
	GlobalSection(ExtensibilityGlobals) = postSolution
		SolutionGuid = {3424B762-EF27-41EA-9767-36AF32E785CD}
	EndGlobalSection
EndGlobal
